
Microsoft Visual Studio Solution File, Format Version 12.00
# Visual Studio Version 16
VisualStudioVersion = 16.0.31005.135
MinimumVisualStudioVersion = 10.0.40219.1
Project("{9A19103F-16F7-4668-BE54-9A1E7A4F7556}") = "MessangerServer", "MessangerServer\MessangerServer.csproj", "{E53254C1-6812-4097-AF6B-877388D47736}"
EndProject
Project("{FAE04EC0-301F-11D3-BF4B-00C04F79EFBC}") = "Entity", "Entity\Entity.csproj", "{2A2230EB-CF99-4C59-AB18-48730F372DD7}"
EndProject
Project("{FAE04EC0-301F-11D3-BF4B-00C04F79EFBC}") = "Repository", "Repository\Repository.csproj", "{E618822D-09E0-4466-A2E7-3BE506BBC1A7}"
EndProject
Global
	GlobalSection(SolutionConfigurationPlatforms) = preSolution
		Debug|Any CPU = Debug|Any CPU
		Release|Any CPU = Release|Any CPU
	EndGlobalSection
	GlobalSection(ProjectConfigurationPlatforms) = postSolution
		{E53254C1-6812-4097-AF6B-877388D47736}.Debug|Any CPU.ActiveCfg = Debug|Any CPU
		{E53254C1-6812-4097-AF6B-877388D47736}.Debug|Any CPU.Build.0 = Debug|Any CPU
		{E53254C1-6812-4097-AF6B-877388D47736}.Release|Any CPU.ActiveCfg = Release|Any CPU
		{E53254C1-6812-4097-AF6B-877388D47736}.Release|Any CPU.Build.0 = Release|Any CPU
		{2A2230EB-CF99-4C59-AB18-48730F372DD7}.Debug|Any CPU.ActiveCfg = Debug|Any CPU
		{2A2230EB-CF99-4C59-AB18-48730F372DD7}.Debug|Any CPU.Build.0 = Debug|Any CPU
		{2A2230EB-CF99-4C59-AB18-48730F372DD7}.Release|Any CPU.ActiveCfg = Release|Any CPU
		{2A2230EB-CF99-4C59-AB18-48730F372DD7}.Release|Any CPU.Build.0 = Release|Any CPU
		{E618822D-09E0-4466-A2E7-3BE506BBC1A7}.Debug|Any CPU.ActiveCfg = Debug|Any CPU
		{E618822D-09E0-4466-A2E7-3BE506BBC1A7}.Debug|Any CPU.Build.0 = Debug|Any CPU
		{E618822D-09E0-4466-A2E7-3BE506BBC1A7}.Release|Any CPU.ActiveCfg = Release|Any CPU
		{E618822D-09E0-4466-A2E7-3BE506BBC1A7}.Release|Any CPU.Build.0 = Release|Any CPU
	EndGlobalSection
	GlobalSection(SolutionProperties) = preSolution
		HideSolutionNode = FALSE
	EndGlobalSection
	GlobalSection(ExtensibilityGlobals) = postSolution
		SolutionGuid = {6FBFC37C-5515-45F5-A894-C40E31B75277}
	EndGlobalSection
EndGlobal
